
Microsoft Visual Studio Solution File, Format Version 12.00
Project("{FAE04EC0-301F-11D3-BF4B-00C04F79EFBC}") = "hackabot2", "hackabot2\hackabot2.csproj", "{44948217-AEBD-4FD3-A08E-3D73215C3666}"
EndProject
Global
	GlobalSection(SolutionConfigurationPlatforms) = preSolution
		Debug|Any CPU = Debug|Any CPU
		Release|Any CPU = Release|Any CPU
	EndGlobalSection
	GlobalSection(ProjectConfigurationPlatforms) = postSolution
		{44948217-AEBD-4FD3-A08E-3D73215C3666}.Debug|Any CPU.ActiveCfg = Debug|Any CPU
		{44948217-AEBD-4FD3-A08E-3D73215C3666}.Debug|Any CPU.Build.0 = Debug|Any CPU
		{44948217-AEBD-4FD3-A08E-3D73215C3666}.Release|Any CPU.ActiveCfg = Release|Any CPU
		{44948217-AEBD-4FD3-A08E-3D73215C3666}.Release|Any CPU.Build.0 = Release|Any CPU
	EndGlobalSection
EndGlobal
